{
  "originHash" : "86d57ef0996eb3182f7c9bfc491f64977890e4827137c12342c34f10d036af21",
  "pins" : [
    {
      "identity" : "portfolio",
      "kind" : "remoteSourceControl",
      "location" : "https://github.com/maclong9/portfolio.git",
      "state" : {
        "branch" : "main",
        "revision" : "a2a566bf1e04c91e8d1acb032ee7e48f78f6e76d"
      }
    },
    {
      "identity" : "swift-cmark",
      "kind" : "remoteSourceControl",
      "location" : "https://github.com/swiftlang/swift-cmark.git",
      "state" : {
        "revision" : "b022b08312decdc46585e0b3440d97f6f22ef703",
        "version" : "0.6.0"
      }
    },
    {
      "identity" : "swift-markdown",
      "kind" : "remoteSourceControl",
      "location" : "https://github.com/apple/swift-markdown",
      "state" : {
        "revision" : "ea79e83c8744d2b50b0dc2d5bbd1e857e1253bf9",
        "version" : "0.6.0"
      }
    },
    {
      "identity" : "web-ui",
      "kind" : "remoteSourceControl",
      "location" : "https://github.com/maclong9/web-ui",
      "state" : {
        "revision" : "217527049d9cd58c0176b4a7d786c73ea27872b2",
        "version" : "1.1.6"
      }
    }
  ],
  "version" : 3
}
